
Microsoft Visual Studio Solution File, Format Version 12.00
Project("{FAE04EC0-301F-11D3-BF4B-00C04F79EFBC}") = "GraphQLCodeGenerationPoC", "GraphQLCodeGenerationPoC\GraphQLCodeGenerationPoC.csproj", "{D330DE66-1CFF-42D7-984B-DE1AE6BD58A2}"
EndProject
Project("{FAE04EC0-301F-11D3-BF4B-00C04F79EFBC}") = "GraphQLGeneration", "GraphQLGeneration\GraphQLGeneration.csproj", "{7B2E5C83-DA32-405E-A88F-96C2966650A4}"
EndProject
Project("{FAE04EC0-301F-11D3-BF4B-00C04F79EFBC}") = "GraphQLGenerationTest", "GraphQLGenerationTest\GraphQLGenerationTest.csproj", "{EC4B6AD2-ED22-47F8-8529-282F21CC539C}"
EndProject
Global
	GlobalSection(SolutionConfigurationPlatforms) = preSolution
		Debug|Any CPU = Debug|Any CPU
		Release|Any CPU = Release|Any CPU
	EndGlobalSection
	GlobalSection(ProjectConfigurationPlatforms) = postSolution
		{D330DE66-1CFF-42D7-984B-DE1AE6BD58A2}.Debug|Any CPU.ActiveCfg = Debug|Any CPU
		{D330DE66-1CFF-42D7-984B-DE1AE6BD58A2}.Debug|Any CPU.Build.0 = Debug|Any CPU
		{D330DE66-1CFF-42D7-984B-DE1AE6BD58A2}.Release|Any CPU.ActiveCfg = Release|Any CPU
		{D330DE66-1CFF-42D7-984B-DE1AE6BD58A2}.Release|Any CPU.Build.0 = Release|Any CPU
		{7B2E5C83-DA32-405E-A88F-96C2966650A4}.Debug|Any CPU.ActiveCfg = Debug|Any CPU
		{7B2E5C83-DA32-405E-A88F-96C2966650A4}.Debug|Any CPU.Build.0 = Debug|Any CPU
		{7B2E5C83-DA32-405E-A88F-96C2966650A4}.Release|Any CPU.ActiveCfg = Release|Any CPU
		{7B2E5C83-DA32-405E-A88F-96C2966650A4}.Release|Any CPU.Build.0 = Release|Any CPU
		{EC4B6AD2-ED22-47F8-8529-282F21CC539C}.Debug|Any CPU.ActiveCfg = Debug|Any CPU
		{EC4B6AD2-ED22-47F8-8529-282F21CC539C}.Debug|Any CPU.Build.0 = Debug|Any CPU
		{EC4B6AD2-ED22-47F8-8529-282F21CC539C}.Release|Any CPU.ActiveCfg = Release|Any CPU
		{EC4B6AD2-ED22-47F8-8529-282F21CC539C}.Release|Any CPU.Build.0 = Release|Any CPU
	EndGlobalSection
EndGlobal
